
Microsoft Visual Studio Solution File, Format Version 12.00
# Visual Studio Version 17
VisualStudioVersion = 17.14.37111.16 d17.14
MinimumVisualStudioVersion = 10.0.40219.1
Project("{FAE04EC0-301F-11D3-BF4B-00C04F79EFBC}") = "Chatbot3", "Chatbot3.csproj", "{CF77DF60-C366-4A14-BA0A-9E37927FD9EC}"
EndProject
Global
	GlobalSection(SolutionConfigurationPlatforms) = preSolution
		Debug|Any CPU = Debug|Any CPU
		Release|Any CPU = Release|Any CPU
	EndGlobalSection
	GlobalSection(ProjectConfigurationPlatforms) = postSolution
		{CF77DF60-C366-4A14-BA0A-9E37927FD9EC}.Debug|Any CPU.ActiveCfg = Debug|Any CPU
		{CF77DF60-C366-4A14-BA0A-9E37927FD9EC}.Debug|Any CPU.Build.0 = Debug|Any CPU
		{CF77DF60-C366-4A14-BA0A-9E37927FD9EC}.Release|Any CPU.ActiveCfg = Release|Any CPU
		{CF77DF60-C366-4A14-BA0A-9E37927FD9EC}.Release|Any CPU.Build.0 = Release|Any CPU
	EndGlobalSection
	GlobalSection(SolutionProperties) = preSolution
		HideSolutionNode = FALSE
	EndGlobalSection
	GlobalSection(ExtensibilityGlobals) = postSolution
		SolutionGuid = {BA49F8D0-6EE7-44F5-A633-6279271C4BDD}
	EndGlobalSection
EndGlobal
